
Microsoft Visual Studio Solution File, Format Version 12.00
# Visual Studio Version 16
VisualStudioVersion = 16.0.28803.156
MinimumVisualStudioVersion = 10.0.40219.1
Project("{9A19103F-16F7-4668-BE54-9A1E7A4F7556}") = "Task.Api", "Task.Api\Task.Api.csproj", "{72EB643E-1D01-4B1D-B206-8BD39379DB83}"
EndProject
Project("{2150E333-8FDC-42A3-9474-1A3956D46DE8}") = "Task", "Task", "{94F0EF3E-05F1-4271-94B1-92FD624B7064}"
EndProject
Global
	GlobalSection(SolutionConfigurationPlatforms) = preSolution
		Debug|Any CPU = Debug|Any CPU
		Release|Any CPU = Release|Any CPU
	EndGlobalSection
	GlobalSection(ProjectConfigurationPlatforms) = postSolution
		{72EB643E-1D01-4B1D-B206-8BD39379DB83}.Debug|Any CPU.ActiveCfg = Debug|Any CPU
		{72EB643E-1D01-4B1D-B206-8BD39379DB83}.Debug|Any CPU.Build.0 = Debug|Any CPU
		{72EB643E-1D01-4B1D-B206-8BD39379DB83}.Release|Any CPU.ActiveCfg = Release|Any CPU
		{72EB643E-1D01-4B1D-B206-8BD39379DB83}.Release|Any CPU.Build.0 = Release|Any CPU
	EndGlobalSection
	GlobalSection(SolutionProperties) = preSolution
		HideSolutionNode = FALSE
	EndGlobalSection
	GlobalSection(NestedProjects) = preSolution
		{72EB643E-1D01-4B1D-B206-8BD39379DB83} = {94F0EF3E-05F1-4271-94B1-92FD624B7064}
	EndGlobalSection
	GlobalSection(ExtensibilityGlobals) = postSolution
		SolutionGuid = {8B5552CB-770D-43BB-A560-36AA9D39850E}
	EndGlobalSection
EndGlobal
